// !$*UTF8*$!
{
	archiveVersion = 1;
	classes = {
	};
	objectVersion = 46;
	objects = {

/* Begin PBXBuildFile section */
		5B15DCF41A114F7000BEA0D1 /* Learn.json in Resources */ = {isa = PBXBuildFile; fileRef = 5B15DCF21A114F7000BEA0D1 /* Learn.json */; };
		5B15DCF51A114F7000BEA0D1 /* WithdrawStudy.json in Resources */ = {isa = PBXBuildFile; fileRef = 5B15DCF31A114F7000BEA0D1 /* WithdrawStudy.json */; };
		5B15DD3B1A114F9000BEA0D1 /* APHInclusionCriteriaViewController.m in Sources */ = {isa = PBXBuildFile; fileRef = 5B15DD281A114F9000BEA0D1 /* APHInclusionCriteriaViewController.m */; };
		5B15DD3E1A114F9000BEA0D1 /* APHOnboarding.storyboard in Resources */ = {isa = PBXBuildFile; fileRef = 5B15DD2D1A114F9000BEA0D1 /* APHOnboarding.storyboard */; };
		5B15DD481A11524900BEA0D1 /* APHAppDelegate.m in Sources */ = {isa = PBXBuildFile; fileRef = 5B15DD471A11524900BEA0D1 /* APHAppDelegate.m */; };
		5B15DD721A118FF900BEA0D1 /* Intro.mp4 in Resources */ = {isa = PBXBuildFile; fileRef = 5B15DD711A118FF900BEA0D1 /* Intro.mp4 */; };
		5B18CEDA1A2CFFD1001A905E /* TermsAndConditions.json in Resources */ = {isa = PBXBuildFile; fileRef = 5B18CED91A2CFFD1001A905E /* TermsAndConditions.json */; };
		5B1D9D6C1A1BD414000F4AD6 /* APHDashboard.storyboard in Resources */ = {isa = PBXBuildFile; fileRef = 5B1D9D671A1BD414000F4AD6 /* APHDashboard.storyboard */; };
		5B1D9D6D1A1BD414000F4AD6 /* APHDashboardEditViewController.m in Sources */ = {isa = PBXBuildFile; fileRef = 5B1D9D691A1BD414000F4AD6 /* APHDashboardEditViewController.m */; };
		5B1D9D6E1A1BD414000F4AD6 /* APHDashboardViewController.m in Sources */ = {isa = PBXBuildFile; fileRef = 5B1D9D6B1A1BD414000F4AD6 /* APHDashboardViewController.m */; };
		5BBDAEBB1A33DCDA0047DF87 /* HTMLContent in Resources */ = {isa = PBXBuildFile; fileRef = 5BBDAEBA1A33DCDA0047DF87 /* HTMLContent */; };
		7B5E25CB1A2045BB00A04FEF /* APHMoodSurveyTaskViewController.m in Sources */ = {isa = PBXBuildFile; fileRef = 7B5E25CA1A2045BB00A04FEF /* APHMoodSurveyTaskViewController.m */; };
		7B5E25D01A20592400A04FEF /* APHHeartAgeIntroStepViewController.m in Sources */ = {isa = PBXBuildFile; fileRef = 7B5E25CE1A20592400A04FEF /* APHHeartAgeIntroStepViewController.m */; };
		7B5E25D11A20592400A04FEF /* APHHeartAgeIntroStepViewController.xib in Resources */ = {isa = PBXBuildFile; fileRef = 7B5E25CF1A20592400A04FEF /* APHHeartAgeIntroStepViewController.xib */; };
		7B5E25D51A211BCA00A04FEF /* APHMoodSurveyCustomView.m in Sources */ = {isa = PBXBuildFile; fileRef = 7B5E25D41A211BCA00A04FEF /* APHMoodSurveyCustomView.m */; };
		7B5E25D71A211BD500A04FEF /* APHMoodSurveyCustomView.xib in Resources */ = {isa = PBXBuildFile; fileRef = 7B5E25D61A211BD500A04FEF /* APHMoodSurveyCustomView.xib */; };
		7B79530E1A22884500AA8039 /* APHExerciseSurveyTaskViewController.m in Sources */ = {isa = PBXBuildFile; fileRef = 7B7953091A22884500AA8039 /* APHExerciseSurveyTaskViewController.m */; };
		7B7953141A2288D600AA8039 /* APHQuestionViewController.m in Sources */ = {isa = PBXBuildFile; fileRef = 7B7953121A2288D600AA8039 /* APHQuestionViewController.m */; };
		7B7953151A2288D600AA8039 /* APHQuestionViewController.xib in Resources */ = {isa = PBXBuildFile; fileRef = 7B7953131A2288D600AA8039 /* APHQuestionViewController.xib */; };
		7B8B67D71A6701B10021606D /* breastcancer-staging.pem in Resources */ = {isa = PBXBuildFile; fileRef = 7B8B67D51A6701B10021606D /* breastcancer-staging.pem */; };
		7B8B67D81A6701B10021606D /* breastcancer.pem in Resources */ = {isa = PBXBuildFile; fileRef = 7B8B67D61A6701B10021606D /* breastcancer.pem */; };
		7B8B67DD1A6711BE0021606D /* APHExerciseMotivationSummaryViewController.storyboard in Resources */ = {isa = PBXBuildFile; fileRef = 7B8B67DC1A6711BE0021606D /* APHExerciseMotivationSummaryViewController.storyboard */; };
		7B8B67E11A671DDC0021606D /* APHExerciseSummaryContainerTableViewController.m in Sources */ = {isa = PBXBuildFile; fileRef = 7B8B67E01A671DDC0021606D /* APHExerciseSummaryContainerTableViewController.m */; };
		7B8D703E1A1C4B13003A7A5B /* APHLogSubmissionViewController.m in Sources */ = {isa = PBXBuildFile; fileRef = 7B8D703C1A1C4B13003A7A5B /* APHLogSubmissionViewController.m */; };
		7B8D703F1A1C4B13003A7A5B /* APHLogSubmissionViewController.xib in Resources */ = {isa = PBXBuildFile; fileRef = 7B8D703D1A1C4B13003A7A5B /* APHLogSubmissionViewController.xib */; };
		7BA3AC101A23DDBC0017B3C8 /* APHExerciseMotivationIntroViewController.m in Sources */ = {isa = PBXBuildFile; fileRef = 7BA3AC0E1A23DDBC0017B3C8 /* APHExerciseMotivationIntroViewController.m */; };
		7BA3AC111A23DDBC0017B3C8 /* APHExerciseMotivationIntroViewController.xib in Resources */ = {isa = PBXBuildFile; fileRef = 7BA3AC0F1A23DDBC0017B3C8 /* APHExerciseMotivationIntroViewController.xib */; };
		7BA3AC161A2407D00017B3C8 /* APHExerciseMotivationSummaryViewController.m in Sources */ = {isa = PBXBuildFile; fileRef = 7BA3AC141A2407D00017B3C8 /* APHExerciseMotivationSummaryViewController.m */; };
		7BA3AC171A2407D00017B3C8 /* APHExerciseMotivationSummaryViewController.xib in Resources */ = {isa = PBXBuildFile; fileRef = 7BA3AC151A2407D00017B3C8 /* APHExerciseMotivationSummaryViewController.xib */; };
		7BFD56791A24FAF0001210A2 /* APHDisplayLogHistoryViewController.m in Sources */ = {isa = PBXBuildFile; fileRef = 7BFD56771A24FAF0001210A2 /* APHDisplayLogHistoryViewController.m */; };
		7BFD567A1A24FAF0001210A2 /* APHDisplayLogHistoryViewController.xib in Resources */ = {isa = PBXBuildFile; fileRef = 7BFD56781A24FAF0001210A2 /* APHDisplayLogHistoryViewController.xib */; };
		CF15F24B1A11616500D87570 /* APHDailyJournalTaskViewController.m in Sources */ = {isa = PBXBuildFile; fileRef = CF15F24A1A11616500D87570 /* APHDailyJournalTaskViewController.m */; };
		CF15F24F1A116A5A00D87570 /* APHDailyJournalIntroViewController.m in Sources */ = {isa = PBXBuildFile; fileRef = CF15F24D1A116A5A00D87570 /* APHDailyJournalIntroViewController.m */; };
		CF15F2501A116A5A00D87570 /* APHDailyJournalIntroViewController.xib in Resources */ = {isa = PBXBuildFile; fileRef = CF15F24E1A116A5A00D87570 /* APHDailyJournalIntroViewController.xib */; };
		CF2697E619EC3E4200525E19 /* APHContentsViewController.m in Sources */ = {isa = PBXBuildFile; fileRef = CF2697DC19EC3E4200525E19 /* APHContentsViewController.m */; };
		CF2697E719EC3E4200525E19 /* APHCustomTextView.m in Sources */ = {isa = PBXBuildFile; fileRef = CF2697DE19EC3E4200525E19 /* APHCustomTextView.m */; };
		CF2697E819EC3E4200525E19 /* APHMoodLogDictionaryKeys.m in Sources */ = {isa = PBXBuildFile; fileRef = CF2697E019EC3E4200525E19 /* APHMoodLogDictionaryKeys.m */; };
		CF2697E919EC3E4200525E19 /* APHNotesContentsTableViewCell.m in Sources */ = {isa = PBXBuildFile; fileRef = CF2697E219EC3E4200525E19 /* APHNotesContentsTableViewCell.m */; };
		CF2697EA19EC3E4200525E19 /* APHNotesViewController.m in Sources */ = {isa = PBXBuildFile; fileRef = CF2697E419EC3E4200525E19 /* APHNotesViewController.m */; };
		CF2697EB19EC3E4200525E19 /* APHNotesViewController.xib in Resources */ = {isa = PBXBuildFile; fileRef = CF2697E519EC3E4200525E19 /* APHNotesViewController.xib */; };
		CF5FAB4319F95C8F0006CA71 /* APHContentsViewController.xib in Resources */ = {isa = PBXBuildFile; fileRef = CF5FAB4119F95C8F0006CA71 /* APHContentsViewController.xib */; };
		CF5FAB4419F95C8F0006CA71 /* APHNotesContentsTableViewCell.xib in Resources */ = {isa = PBXBuildFile; fileRef = CF5FAB4219F95C8F0006CA71 /* APHNotesContentsTableViewCell.xib */; };
		F534B58919E4681E00C3C152 /* main.m in Sources */ = {isa = PBXBuildFile; fileRef = F534B58819E4681E00C3C152 /* main.m */; };
		F534B59419E4681E00C3C152 /* Images.xcassets in Resources */ = {isa = PBXBuildFile; fileRef = F534B59319E4681E00C3C152 /* Images.xcassets */; };
		F534B68A19E4689D00C3C152 /* APCParameters.json in Resources */ = {isa = PBXBuildFile; fileRef = F534B5CB19E4689D00C3C152 /* APCParameters.json */; };
		F534B68B19E4689D00C3C152 /* APHTasksAndSchedules.json in Resources */ = {isa = PBXBuildFile; fileRef = F534B5CC19E4689D00C3C152 /* APHTasksAndSchedules.json */; };
		F534B68D19E4689D00C3C152 /* sleepSurvey.json in Resources */ = {isa = PBXBuildFile; fileRef = F534B5CE19E4689D00C3C152 /* sleepSurvey.json */; };
		F534B68E19E4689D00C3C152 /* StudyOverview.json in Resources */ = {isa = PBXBuildFile; fileRef = F534B5CF19E4689D00C3C152 /* StudyOverview.json */; };
		F534B69C19E4689D00C3C152 /* LaunchScreen.xib in Resources */ = {isa = PBXBuildFile; fileRef = F534B5E319E4689D00C3C152 /* LaunchScreen.xib */; };
		F534B69D19E4689D00C3C152 /* Main.storyboard in Resources */ = {isa = PBXBuildFile; fileRef = F534B5E419E4689D00C3C152 /* Main.storyboard */; };
		F534B6F619E468D400C3C152 /* HealthKit.framework in Frameworks */ = {isa = PBXBuildFile; fileRef = F534B6F519E468D400C3C152 /* HealthKit.framework */; };
		F534B70B19E4699A00C3C152 /* CoreData.framework in Frameworks */ = {isa = PBXBuildFile; fileRef = F534B70A19E4699A00C3C152 /* CoreData.framework */; };
		F534B70D19E469A100C3C152 /* Security.framework in Frameworks */ = {isa = PBXBuildFile; fileRef = F534B70C19E469A000C3C152 /* Security.framework */; };
		F534B70F19E469A600C3C152 /* AVFoundation.framework in Frameworks */ = {isa = PBXBuildFile; fileRef = F534B70E19E469A600C3C152 /* AVFoundation.framework */; };
		F53F27A01A2D30D600A1D725 /* APHDataPoint.m in Sources */ = {isa = PBXBuildFile; fileRef = F53F279D1A2D30D600A1D725 /* APHDataPoint.m */; };
		F53F27A11A2D30D600A1D725 /* APHScoring.m in Sources */ = {isa = PBXBuildFile; fileRef = F53F279F1A2D30D600A1D725 /* APHScoring.m */; };
		F571C9301A2F976C0011C270 /* APCAppCore.framework in Frameworks */ = {isa = PBXBuildFile; fileRef = F571C92D1A2F97610011C270 /* APCAppCore.framework */; };
		F571C9311A2F976C0011C270 /* APCAppCore.framework in Embed Frameworks */ = {isa = PBXBuildFile; fileRef = F571C92D1A2F97610011C270 /* APCAppCore.framework */; settings = {ATTRIBUTES = (CodeSignOnCopy, RemoveHeadersOnCopy, ); }; };
		F571C9351A2F97770011C270 /* BridgeSDK.framework in Frameworks */ = {isa = PBXBuildFile; fileRef = F571C9341A2F97770011C270 /* BridgeSDK.framework */; };
		F571C9361A2F97770011C270 /* BridgeSDK.framework in Embed Frameworks */ = {isa = PBXBuildFile; fileRef = F571C9341A2F97770011C270 /* BridgeSDK.framework */; settings = {ATTRIBUTES = (CodeSignOnCopy, RemoveHeadersOnCopy, ); }; };
/* End PBXBuildFile section */

/* Begin PBXContainerItemProxy section */
		F571C92C1A2F97610011C270 /* PBXContainerItemProxy */ = {
			isa = PBXContainerItemProxy;
			containerPortal = F571C9271A2F97610011C270 /* APCAppCore.xcodeproj */;
			proxyType = 2;
			remoteGlobalIDString = F5179B2919D09128001DCCB7;
			remoteInfo = APCAppCore;
		};
		F571C92E1A2F97610011C270 /* PBXContainerItemProxy */ = {
			isa = PBXContainerItemProxy;
			containerPortal = F571C9271A2F97610011C270 /* APCAppCore.xcodeproj */;
			proxyType = 2;
			remoteGlobalIDString = F5179B3419D09128001DCCB7;
			remoteInfo = APCAppCoreTests;
		};
		F571C9321A2F976C0011C270 /* PBXContainerItemProxy */ = {
			isa = PBXContainerItemProxy;
			containerPortal = F571C9271A2F97610011C270 /* APCAppCore.xcodeproj */;
			proxyType = 1;
			remoteGlobalIDString = F5179B2819D09128001DCCB7;
			remoteInfo = APCAppCore;
		};
/* End PBXContainerItemProxy section */

/* Begin PBXCopyFilesBuildPhase section */
		F534B70719E4697E00C3C152 /* Embed Frameworks */ = {
			isa = PBXCopyFilesBuildPhase;
			buildActionMask = 2147483647;
			dstPath = "";
			dstSubfolderSpec = 10;
			files = (
				F571C9361A2F97770011C270 /* BridgeSDK.framework in Embed Frameworks */,
				F571C9311A2F976C0011C270 /* APCAppCore.framework in Embed Frameworks */,
			);
			name = "Embed Frameworks";
			runOnlyForDeploymentPostprocessing = 0;
		};
/* End PBXCopyFilesBuildPhase section */

/* Begin PBXFileReference section */
		5B15DCF21A114F7000BEA0D1 /* Learn.json */ = {isa = PBXFileReference; fileEncoding = 4; lastKnownFileType = text.json; path = Learn.json; sourceTree = "<group>"; };
		5B15DCF31A114F7000BEA0D1 /* WithdrawStudy.json */ = {isa = PBXFileReference; fileEncoding = 4; lastKnownFileType = text.json; path = WithdrawStudy.json; sourceTree = "<group>"; };
		5B15DD271A114F9000BEA0D1 /* APHInclusionCriteriaViewController.h */ = {isa = PBXFileReference; fileEncoding = 4; lastKnownFileType = sourcecode.c.h; path = APHInclusionCriteriaViewController.h; sourceTree = "<group>"; };
		5B15DD281A114F9000BEA0D1 /* APHInclusionCriteriaViewController.m */ = {isa = PBXFileReference; fileEncoding = 4; lastKnownFileType = sourcecode.c.objc; path = APHInclusionCriteriaViewController.m; sourceTree = "<group>"; };
		5B15DD2D1A114F9000BEA0D1 /* APHOnboarding.storyboard */ = {isa = PBXFileReference; fileEncoding = 4; lastKnownFileType = file.storyboard; path = APHOnboarding.storyboard; sourceTree = "<group>"; };
		5B15DD461A11524900BEA0D1 /* APHAppDelegate.h */ = {isa = PBXFileReference; fileEncoding = 4; lastKnownFileType = sourcecode.c.h; path = APHAppDelegate.h; sourceTree = "<group>"; };
		5B15DD471A11524900BEA0D1 /* APHAppDelegate.m */ = {isa = PBXFileReference; fileEncoding = 4; lastKnownFileType = sourcecode.c.objc; path = APHAppDelegate.m; sourceTree = "<group>"; };
		5B15DD711A118FF900BEA0D1 /* Intro.mp4 */ = {isa = PBXFileReference; lastKnownFileType = file; path = Intro.mp4; sourceTree = "<group>"; };
		5B18CED91A2CFFD1001A905E /* TermsAndConditions.json */ = {isa = PBXFileReference; fileEncoding = 4; lastKnownFileType = text.json; path = TermsAndConditions.json; sourceTree = "<group>"; };
		5B1D9D671A1BD414000F4AD6 /* APHDashboard.storyboard */ = {isa = PBXFileReference; fileEncoding = 4; lastKnownFileType = file.storyboard; path = APHDashboard.storyboard; sourceTree = "<group>"; };
		5B1D9D681A1BD414000F4AD6 /* APHDashboardEditViewController.h */ = {isa = PBXFileReference; fileEncoding = 4; lastKnownFileType = sourcecode.c.h; path = APHDashboardEditViewController.h; sourceTree = "<group>"; };
		5B1D9D691A1BD414000F4AD6 /* APHDashboardEditViewController.m */ = {isa = PBXFileReference; fileEncoding = 4; lastKnownFileType = sourcecode.c.objc; path = APHDashboardEditViewController.m; sourceTree = "<group>"; };
		5B1D9D6A1A1BD414000F4AD6 /* APHDashboardViewController.h */ = {isa = PBXFileReference; fileEncoding = 4; lastKnownFileType = sourcecode.c.h; path = APHDashboardViewController.h; sourceTree = "<group>"; };
		5B1D9D6B1A1BD414000F4AD6 /* APHDashboardViewController.m */ = {isa = PBXFileReference; fileEncoding = 4; lastKnownFileType = sourcecode.c.objc; path = APHDashboardViewController.m; sourceTree = "<group>"; };
		5BBDAEBA1A33DCDA0047DF87 /* HTMLContent */ = {isa = PBXFileReference; lastKnownFileType = folder; path = HTMLContent; sourceTree = "<group>"; };
		7B5E25C91A2045BB00A04FEF /* APHMoodSurveyTaskViewController.h */ = {isa = PBXFileReference; fileEncoding = 4; lastKnownFileType = sourcecode.c.h; name = APHMoodSurveyTaskViewController.h; path = MoodSurvey/APHMoodSurveyTaskViewController.h; sourceTree = "<group>"; };
		7B5E25CA1A2045BB00A04FEF /* APHMoodSurveyTaskViewController.m */ = {isa = PBXFileReference; fileEncoding = 4; lastKnownFileType = sourcecode.c.objc; name = APHMoodSurveyTaskViewController.m; path = MoodSurvey/APHMoodSurveyTaskViewController.m; sourceTree = "<group>"; };
		7B5E25CD1A20592400A04FEF /* APHHeartAgeIntroStepViewController.h */ = {isa = PBXFileReference; fileEncoding = 4; lastKnownFileType = sourcecode.c.h; name = APHHeartAgeIntroStepViewController.h; path = MoodSurvey/Intro/APHHeartAgeIntroStepViewController.h; sourceTree = "<group>"; };
		7B5E25CE1A20592400A04FEF /* APHHeartAgeIntroStepViewController.m */ = {isa = PBXFileReference; fileEncoding = 4; lastKnownFileType = sourcecode.c.objc; name = APHHeartAgeIntroStepViewController.m; path = MoodSurvey/Intro/APHHeartAgeIntroStepViewController.m; sourceTree = "<group>"; };
		7B5E25CF1A20592400A04FEF /* APHHeartAgeIntroStepViewController.xib */ = {isa = PBXFileReference; fileEncoding = 4; lastKnownFileType = file.xib; name = APHHeartAgeIntroStepViewController.xib; path = MoodSurvey/Intro/APHHeartAgeIntroStepViewController.xib; sourceTree = "<group>"; };
		7B5E25D31A211BCA00A04FEF /* APHMoodSurveyCustomView.h */ = {isa = PBXFileReference; fileEncoding = 4; lastKnownFileType = sourcecode.c.h; path = APHMoodSurveyCustomView.h; sourceTree = "<group>"; };
		7B5E25D41A211BCA00A04FEF /* APHMoodSurveyCustomView.m */ = {isa = PBXFileReference; fileEncoding = 4; lastKnownFileType = sourcecode.c.objc; path = APHMoodSurveyCustomView.m; sourceTree = "<group>"; };
		7B5E25D61A211BD500A04FEF /* APHMoodSurveyCustomView.xib */ = {isa = PBXFileReference; fileEncoding = 4; lastKnownFileType = file.xib; path = APHMoodSurveyCustomView.xib; sourceTree = "<group>"; };
		7B7953081A22884500AA8039 /* APHExerciseSurveyTaskViewController.h */ = {isa = PBXFileReference; fileEncoding = 4; lastKnownFileType = sourcecode.c.h; name = APHExerciseSurveyTaskViewController.h; path = ExerciseSurvey/APHExerciseSurveyTaskViewController.h; sourceTree = "<group>"; };
		7B7953091A22884500AA8039 /* APHExerciseSurveyTaskViewController.m */ = {isa = PBXFileReference; fileEncoding = 4; lastKnownFileType = sourcecode.c.objc; name = APHExerciseSurveyTaskViewController.m; path = ExerciseSurvey/APHExerciseSurveyTaskViewController.m; sourceTree = "<group>"; };
		7B7953111A2288D600AA8039 /* APHQuestionViewController.h */ = {isa = PBXFileReference; fileEncoding = 4; lastKnownFileType = sourcecode.c.h; path = APHQuestionViewController.h; sourceTree = "<group>"; };
		7B7953121A2288D600AA8039 /* APHQuestionViewController.m */ = {isa = PBXFileReference; fileEncoding = 4; lastKnownFileType = sourcecode.c.objc; path = APHQuestionViewController.m; sourceTree = "<group>"; };
		7B7953131A2288D600AA8039 /* APHQuestionViewController.xib */ = {isa = PBXFileReference; fileEncoding = 4; lastKnownFileType = file.xib; path = APHQuestionViewController.xib; sourceTree = "<group>"; };
		7B8B67D51A6701B10021606D /* breastcancer-staging.pem */ = {isa = PBXFileReference; fileEncoding = 4; lastKnownFileType = text; path = "breastcancer-staging.pem"; sourceTree = "<group>"; };
		7B8B67D61A6701B10021606D /* breastcancer.pem */ = {isa = PBXFileReference; fileEncoding = 4; lastKnownFileType = text; path = breastcancer.pem; sourceTree = "<group>"; };
		7B8B67DC1A6711BE0021606D /* APHExerciseMotivationSummaryViewController.storyboard */ = {isa = PBXFileReference; fileEncoding = 4; lastKnownFileType = file.storyboard; path = APHExerciseMotivationSummaryViewController.storyboard; sourceTree = "<group>"; };
		7B8B67DF1A671DDC0021606D /* APHExerciseSummaryContainerTableViewController.h */ = {isa = PBXFileReference; fileEncoding = 4; lastKnownFileType = sourcecode.c.h; path = APHExerciseSummaryContainerTableViewController.h; sourceTree = "<group>"; };
		7B8B67E01A671DDC0021606D /* APHExerciseSummaryContainerTableViewController.m */ = {isa = PBXFileReference; fileEncoding = 4; lastKnownFileType = sourcecode.c.objc; path = APHExerciseSummaryContainerTableViewController.m; sourceTree = "<group>"; };
		7B8D703B1A1C4B13003A7A5B /* APHLogSubmissionViewController.h */ = {isa = PBXFileReference; fileEncoding = 4; lastKnownFileType = sourcecode.c.h; path = APHLogSubmissionViewController.h; sourceTree = "<group>"; };
		7B8D703C1A1C4B13003A7A5B /* APHLogSubmissionViewController.m */ = {isa = PBXFileReference; fileEncoding = 4; lastKnownFileType = sourcecode.c.objc; path = APHLogSubmissionViewController.m; sourceTree = "<group>"; };
		7B8D703D1A1C4B13003A7A5B /* APHLogSubmissionViewController.xib */ = {isa = PBXFileReference; fileEncoding = 4; lastKnownFileType = file.xib; path = APHLogSubmissionViewController.xib; sourceTree = "<group>"; };
		7BA3AC0D1A23DDBC0017B3C8 /* APHExerciseMotivationIntroViewController.h */ = {isa = PBXFileReference; fileEncoding = 4; lastKnownFileType = sourcecode.c.h; path = APHExerciseMotivationIntroViewController.h; sourceTree = "<group>"; };
		7BA3AC0E1A23DDBC0017B3C8 /* APHExerciseMotivationIntroViewController.m */ = {isa = PBXFileReference; fileEncoding = 4; lastKnownFileType = sourcecode.c.objc; path = APHExerciseMotivationIntroViewController.m; sourceTree = "<group>"; };
		7BA3AC0F1A23DDBC0017B3C8 /* APHExerciseMotivationIntroViewController.xib */ = {isa = PBXFileReference; fileEncoding = 4; lastKnownFileType = file.xib; path = APHExerciseMotivationIntroViewController.xib; sourceTree = "<group>"; };
		7BA3AC131A2407D00017B3C8 /* APHExerciseMotivationSummaryViewController.h */ = {isa = PBXFileReference; fileEncoding = 4; lastKnownFileType = sourcecode.c.h; path = APHExerciseMotivationSummaryViewController.h; sourceTree = "<group>"; };
		7BA3AC141A2407D00017B3C8 /* APHExerciseMotivationSummaryViewController.m */ = {isa = PBXFileReference; fileEncoding = 4; lastKnownFileType = sourcecode.c.objc; path = APHExerciseMotivationSummaryViewController.m; sourceTree = "<group>"; };
		7BA3AC151A2407D00017B3C8 /* APHExerciseMotivationSummaryViewController.xib */ = {isa = PBXFileReference; fileEncoding = 4; lastKnownFileType = file.xib; path = APHExerciseMotivationSummaryViewController.xib; sourceTree = "<group>"; };
		7BFD56761A24FAF0001210A2 /* APHDisplayLogHistoryViewController.h */ = {isa = PBXFileReference; fileEncoding = 4; lastKnownFileType = sourcecode.c.h; path = APHDisplayLogHistoryViewController.h; sourceTree = "<group>"; };
		7BFD56771A24FAF0001210A2 /* APHDisplayLogHistoryViewController.m */ = {isa = PBXFileReference; fileEncoding = 4; lastKnownFileType = sourcecode.c.objc; path = APHDisplayLogHistoryViewController.m; sourceTree = "<group>"; };
		7BFD56781A24FAF0001210A2 /* APHDisplayLogHistoryViewController.xib */ = {isa = PBXFileReference; fileEncoding = 4; lastKnownFileType = file.xib; path = APHDisplayLogHistoryViewController.xib; sourceTree = "<group>"; };
		CF15F2491A11616500D87570 /* APHDailyJournalTaskViewController.h */ = {isa = PBXFileReference; fileEncoding = 4; lastKnownFileType = sourcecode.c.h; name = APHDailyJournalTaskViewController.h; path = DailyJournalControllers/APHDailyJournalTaskViewController.h; sourceTree = "<group>"; };
		CF15F24A1A11616500D87570 /* APHDailyJournalTaskViewController.m */ = {isa = PBXFileReference; fileEncoding = 4; lastKnownFileType = sourcecode.c.objc; name = APHDailyJournalTaskViewController.m; path = DailyJournalControllers/APHDailyJournalTaskViewController.m; sourceTree = "<group>"; };
		CF15F24C1A116A5A00D87570 /* APHDailyJournalIntroViewController.h */ = {isa = PBXFileReference; fileEncoding = 4; lastKnownFileType = sourcecode.c.h; name = APHDailyJournalIntroViewController.h; path = DailyJournalControllers/APHDailyJournalIntroViewController.h; sourceTree = "<group>"; };
		CF15F24D1A116A5A00D87570 /* APHDailyJournalIntroViewController.m */ = {isa = PBXFileReference; fileEncoding = 4; lastKnownFileType = sourcecode.c.objc; name = APHDailyJournalIntroViewController.m; path = DailyJournalControllers/APHDailyJournalIntroViewController.m; sourceTree = "<group>"; };
		CF15F24E1A116A5A00D87570 /* APHDailyJournalIntroViewController.xib */ = {isa = PBXFileReference; fileEncoding = 4; lastKnownFileType = file.xib; name = APHDailyJournalIntroViewController.xib; path = DailyJournalControllers/APHDailyJournalIntroViewController.xib; sourceTree = "<group>"; };
		CF2697DB19EC3E4200525E19 /* APHContentsViewController.h */ = {isa = PBXFileReference; fileEncoding = 4; lastKnownFileType = sourcecode.c.h; name = APHContentsViewController.h; path = DailyJournalControllers/APHContentsViewController.h; sourceTree = "<group>"; };
		CF2697DC19EC3E4200525E19 /* APHContentsViewController.m */ = {isa = PBXFileReference; fileEncoding = 4; lastKnownFileType = sourcecode.c.objc; name = APHContentsViewController.m; path = DailyJournalControllers/APHContentsViewController.m; sourceTree = "<group>"; };
		CF2697DD19EC3E4200525E19 /* APHCustomTextView.h */ = {isa = PBXFileReference; fileEncoding = 4; lastKnownFileType = sourcecode.c.h; name = APHCustomTextView.h; path = DailyJournalControllers/APHCustomTextView.h; sourceTree = "<group>"; };
		CF2697DE19EC3E4200525E19 /* APHCustomTextView.m */ = {isa = PBXFileReference; fileEncoding = 4; lastKnownFileType = sourcecode.c.objc; name = APHCustomTextView.m; path = DailyJournalControllers/APHCustomTextView.m; sourceTree = "<group>"; };
		CF2697DF19EC3E4200525E19 /* APHMoodLogDictionaryKeys.h */ = {isa = PBXFileReference; fileEncoding = 4; lastKnownFileType = sourcecode.c.h; name = APHMoodLogDictionaryKeys.h; path = DailyJournalControllers/APHMoodLogDictionaryKeys.h; sourceTree = "<group>"; };
		CF2697E019EC3E4200525E19 /* APHMoodLogDictionaryKeys.m */ = {isa = PBXFileReference; fileEncoding = 4; lastKnownFileType = sourcecode.c.objc; name = APHMoodLogDictionaryKeys.m; path = DailyJournalControllers/APHMoodLogDictionaryKeys.m; sourceTree = "<group>"; };
		CF2697E119EC3E4200525E19 /* APHNotesContentsTableViewCell.h */ = {isa = PBXFileReference; fileEncoding = 4; lastKnownFileType = sourcecode.c.h; name = APHNotesContentsTableViewCell.h; path = DailyJournalControllers/APHNotesContentsTableViewCell.h; sourceTree = "<group>"; };
		CF2697E219EC3E4200525E19 /* APHNotesContentsTableViewCell.m */ = {isa = PBXFileReference; fileEncoding = 4; lastKnownFileType = sourcecode.c.objc; name = APHNotesContentsTableViewCell.m; path = DailyJournalControllers/APHNotesContentsTableViewCell.m; sourceTree = "<group>"; };
		CF2697E319EC3E4200525E19 /* APHNotesViewController.h */ = {isa = PBXFileReference; fileEncoding = 4; lastKnownFileType = sourcecode.c.h; name = APHNotesViewController.h; path = DailyJournalControllers/APHNotesViewController.h; sourceTree = "<group>"; };
		CF2697E419EC3E4200525E19 /* APHNotesViewController.m */ = {isa = PBXFileReference; fileEncoding = 4; lastKnownFileType = sourcecode.c.objc; name = APHNotesViewController.m; path = DailyJournalControllers/APHNotesViewController.m; sourceTree = "<group>"; };
		CF2697E519EC3E4200525E19 /* APHNotesViewController.xib */ = {isa = PBXFileReference; fileEncoding = 4; lastKnownFileType = file.xib; name = APHNotesViewController.xib; path = DailyJournalControllers/APHNotesViewController.xib; sourceTree = "<group>"; };
		CF5FAB4119F95C8F0006CA71 /* APHContentsViewController.xib */ = {isa = PBXFileReference; fileEncoding = 4; lastKnownFileType = file.xib; name = APHContentsViewController.xib; path = DailyJournalControllers/APHContentsViewController.xib; sourceTree = "<group>"; };
		CF5FAB4219F95C8F0006CA71 /* APHNotesContentsTableViewCell.xib */ = {isa = PBXFileReference; fileEncoding = 4; lastKnownFileType = file.xib; name = APHNotesContentsTableViewCell.xib; path = DailyJournalControllers/APHNotesContentsTableViewCell.xib; sourceTree = "<group>"; };
		F534B58319E4681E00C3C152 /* BreastCancer.app */ = {isa = PBXFileReference; explicitFileType = wrapper.application; includeInIndex = 0; path = BreastCancer.app; sourceTree = BUILT_PRODUCTS_DIR; };
		F534B58719E4681E00C3C152 /* Info.plist */ = {isa = PBXFileReference; lastKnownFileType = text.plist.xml; path = Info.plist; sourceTree = "<group>"; };
		F534B58819E4681E00C3C152 /* main.m */ = {isa = PBXFileReference; lastKnownFileType = sourcecode.c.objc; path = main.m; sourceTree = "<group>"; };
		F534B59319E4681E00C3C152 /* Images.xcassets */ = {isa = PBXFileReference; lastKnownFileType = folder.assetcatalog; path = Images.xcassets; sourceTree = "<group>"; };
		F534B5CB19E4689D00C3C152 /* APCParameters.json */ = {isa = PBXFileReference; fileEncoding = 4; lastKnownFileType = text.json; path = APCParameters.json; sourceTree = "<group>"; };
		F534B5CC19E4689D00C3C152 /* APHTasksAndSchedules.json */ = {isa = PBXFileReference; fileEncoding = 4; lastKnownFileType = text.json; path = APHTasksAndSchedules.json; sourceTree = "<group>"; };
		F534B5CE19E4689D00C3C152 /* sleepSurvey.json */ = {isa = PBXFileReference; fileEncoding = 4; lastKnownFileType = text.json; path = sleepSurvey.json; sourceTree = "<group>"; };
		F534B5CF19E4689D00C3C152 /* StudyOverview.json */ = {isa = PBXFileReference; fileEncoding = 4; lastKnownFileType = text.json; path = StudyOverview.json; sourceTree = "<group>"; };
		F534B5E319E4689D00C3C152 /* LaunchScreen.xib */ = {isa = PBXFileReference; fileEncoding = 4; lastKnownFileType = file.xib; path = LaunchScreen.xib; sourceTree = "<group>"; };
		F534B5E419E4689D00C3C152 /* Main.storyboard */ = {isa = PBXFileReference; fileEncoding = 4; lastKnownFileType = file.storyboard; path = Main.storyboard; sourceTree = "<group>"; };
		F534B6F419E468D400C3C152 /* BreastCancer.entitlements */ = {isa = PBXFileReference; lastKnownFileType = text.xml; path = BreastCancer.entitlements; sourceTree = "<group>"; };
		F534B6F519E468D400C3C152 /* HealthKit.framework */ = {isa = PBXFileReference; lastKnownFileType = wrapper.framework; name = HealthKit.framework; path = System/Library/Frameworks/HealthKit.framework; sourceTree = SDKROOT; };
		F534B70A19E4699A00C3C152 /* CoreData.framework */ = {isa = PBXFileReference; lastKnownFileType = wrapper.framework; name = CoreData.framework; path = System/Library/Frameworks/CoreData.framework; sourceTree = SDKROOT; };
		F534B70C19E469A000C3C152 /* Security.framework */ = {isa = PBXFileReference; lastKnownFileType = wrapper.framework; name = Security.framework; path = System/Library/Frameworks/Security.framework; sourceTree = SDKROOT; };
		F534B70E19E469A600C3C152 /* AVFoundation.framework */ = {isa = PBXFileReference; lastKnownFileType = wrapper.framework; name = AVFoundation.framework; path = System/Library/Frameworks/AVFoundation.framework; sourceTree = SDKROOT; };
		F53F279C1A2D30D600A1D725 /* APHDataPoint.h */ = {isa = PBXFileReference; fileEncoding = 4; lastKnownFileType = sourcecode.c.h; path = APHDataPoint.h; sourceTree = "<group>"; };
		F53F279D1A2D30D600A1D725 /* APHDataPoint.m */ = {isa = PBXFileReference; fileEncoding = 4; lastKnownFileType = sourcecode.c.objc; path = APHDataPoint.m; sourceTree = "<group>"; };
		F53F279E1A2D30D600A1D725 /* APHScoring.h */ = {isa = PBXFileReference; fileEncoding = 4; lastKnownFileType = sourcecode.c.h; path = APHScoring.h; sourceTree = "<group>"; };
		F53F279F1A2D30D600A1D725 /* APHScoring.m */ = {isa = PBXFileReference; fileEncoding = 4; lastKnownFileType = sourcecode.c.objc; path = APHScoring.m; sourceTree = "<group>"; };
		F571C9271A2F97610011C270 /* APCAppCore.xcodeproj */ = {isa = PBXFileReference; lastKnownFileType = "wrapper.pb-project"; name = APCAppCore.xcodeproj; path = AppCore/APCAppCore/APCAppCore.xcodeproj; sourceTree = "<group>"; };
		F571C9341A2F97770011C270 /* BridgeSDK.framework */ = {isa = PBXFileReference; lastKnownFileType = wrapper.framework; name = BridgeSDK.framework; path = AppCore/APCAppCore/BridgeSDK.framework; sourceTree = "<group>"; };
/* End PBXFileReference section */

/* Begin PBXFrameworksBuildPhase section */
		F534B58019E4681E00C3C152 /* Frameworks */ = {
			isa = PBXFrameworksBuildPhase;
			buildActionMask = 2147483647;
			files = (
				F534B70F19E469A600C3C152 /* AVFoundation.framework in Frameworks */,
				F571C9301A2F976C0011C270 /* APCAppCore.framework in Frameworks */,
				F571C9351A2F97770011C270 /* BridgeSDK.framework in Frameworks */,
				F534B70D19E469A100C3C152 /* Security.framework in Frameworks */,
				F534B70B19E4699A00C3C152 /* CoreData.framework in Frameworks */,
				F534B6F619E468D400C3C152 /* HealthKit.framework in Frameworks */,
			);
			runOnlyForDeploymentPostprocessing = 0;
		};
/* End PBXFrameworksBuildPhase section */

/* Begin PBXGroup section */
		5B15DD241A114F9000BEA0D1 /* Onboarding */ = {
			isa = PBXGroup;
			children = (
				5B15DD2D1A114F9000BEA0D1 /* APHOnboarding.storyboard */,
				5B15DD271A114F9000BEA0D1 /* APHInclusionCriteriaViewController.h */,
				5B15DD281A114F9000BEA0D1 /* APHInclusionCriteriaViewController.m */,
			);
			path = Onboarding;
			sourceTree = "<group>";
		};
		5B1D9D661A1BD414000F4AD6 /* Dashboard */ = {
			isa = PBXGroup;
			children = (
				5B1D9D671A1BD414000F4AD6 /* APHDashboard.storyboard */,
				5B1D9D681A1BD414000F4AD6 /* APHDashboardEditViewController.h */,
				5B1D9D691A1BD414000F4AD6 /* APHDashboardEditViewController.m */,
				5B1D9D6A1A1BD414000F4AD6 /* APHDashboardViewController.h */,
				5B1D9D6B1A1BD414000F4AD6 /* APHDashboardViewController.m */,
			);
			path = Dashboard;
			sourceTree = "<group>";
		};
		7B5E25C71A20454200A04FEF /* Mood Survey */ = {
			isa = PBXGroup;
			children = (
				7B5E25C91A2045BB00A04FEF /* APHMoodSurveyTaskViewController.h */,
				7B5E25CA1A2045BB00A04FEF /* APHMoodSurveyTaskViewController.m */,
				7B5E25CC1A2058E400A04FEF /* Intro */,
				7B5E25D21A211B8700A04FEF /* CustomView */,
			);
			name = "Mood Survey";
			sourceTree = "<group>";
		};
		7B5E25CC1A2058E400A04FEF /* Intro */ = {
			isa = PBXGroup;
			children = (
				7B5E25CD1A20592400A04FEF /* APHHeartAgeIntroStepViewController.h */,
				7B5E25CE1A20592400A04FEF /* APHHeartAgeIntroStepViewController.m */,
				7B5E25CF1A20592400A04FEF /* APHHeartAgeIntroStepViewController.xib */,
			);
			name = Intro;
			sourceTree = "<group>";
		};
		7B5E25D21A211B8700A04FEF /* CustomView */ = {
			isa = PBXGroup;
			children = (
				7B5E25D31A211BCA00A04FEF /* APHMoodSurveyCustomView.h */,
				7B5E25D41A211BCA00A04FEF /* APHMoodSurveyCustomView.m */,
				7B5E25D61A211BD500A04FEF /* APHMoodSurveyCustomView.xib */,
			);
			name = CustomView;
			sourceTree = "<group>";
		};
		7B7953031A22849300AA8039 /* ExerciseSurvey */ = {
			isa = PBXGroup;
			children = (
				7B7953081A22884500AA8039 /* APHExerciseSurveyTaskViewController.h */,
				7B7953091A22884500AA8039 /* APHExerciseSurveyTaskViewController.m */,
				7BA3AC071A22D7BD0017B3C8 /* Intro */,
				7B79530A1A22884500AA8039 /* CustomView */,
			);
			name = ExerciseSurvey;
			sourceTree = "<group>";
		};
		7B79530A1A22884500AA8039 /* CustomView */ = {
			isa = PBXGroup;
			children = (
				7B7953111A2288D600AA8039 /* APHQuestionViewController.h */,
				7B7953121A2288D600AA8039 /* APHQuestionViewController.m */,
				7B7953131A2288D600AA8039 /* APHQuestionViewController.xib */,
				7BA3AC131A2407D00017B3C8 /* APHExerciseMotivationSummaryViewController.h */,
				7BA3AC141A2407D00017B3C8 /* APHExerciseMotivationSummaryViewController.m */,
				7BA3AC151A2407D00017B3C8 /* APHExerciseMotivationSummaryViewController.xib */,
				7B8B67DC1A6711BE0021606D /* APHExerciseMotivationSummaryViewController.storyboard */,
				7B8B67DF1A671DDC0021606D /* APHExerciseSummaryContainerTableViewController.h */,
				7B8B67E01A671DDC0021606D /* APHExerciseSummaryContainerTableViewController.m */,
			);
			name = CustomView;
			path = ExerciseSurvey/CustomView;
			sourceTree = "<group>";
		};
		7B8B67D41A6701B10021606D /* Certificates */ = {
			isa = PBXGroup;
			children = (
				7B8B67D51A6701B10021606D /* breastcancer-staging.pem */,
				7B8B67D61A6701B10021606D /* breastcancer.pem */,
			);
			path = Certificates;
			sourceTree = "<group>";
		};
		7BA3AC071A22D7BD0017B3C8 /* Intro */ = {
			isa = PBXGroup;
			children = (
				7BA3AC0D1A23DDBC0017B3C8 /* APHExerciseMotivationIntroViewController.h */,
				7BA3AC0E1A23DDBC0017B3C8 /* APHExerciseMotivationIntroViewController.m */,
				7BA3AC0F1A23DDBC0017B3C8 /* APHExerciseMotivationIntroViewController.xib */,
			);
			name = Intro;
			sourceTree = "<group>";
		};
		CF2697DA19EC3E0D00525E19 /* Daily Journal Controllers */ = {
			isa = PBXGroup;
			children = (
				7BFD56761A24FAF0001210A2 /* APHDisplayLogHistoryViewController.h */,
				7BFD56771A24FAF0001210A2 /* APHDisplayLogHistoryViewController.m */,
				7BFD56781A24FAF0001210A2 /* APHDisplayLogHistoryViewController.xib */,
				CF15F2491A11616500D87570 /* APHDailyJournalTaskViewController.h */,
				CF15F24A1A11616500D87570 /* APHDailyJournalTaskViewController.m */,
				CF15F24C1A116A5A00D87570 /* APHDailyJournalIntroViewController.h */,
				CF15F24D1A116A5A00D87570 /* APHDailyJournalIntroViewController.m */,
				CF15F24E1A116A5A00D87570 /* APHDailyJournalIntroViewController.xib */,
				CF2697DB19EC3E4200525E19 /* APHContentsViewController.h */,
				CF2697DC19EC3E4200525E19 /* APHContentsViewController.m */,
				CF5FAB4119F95C8F0006CA71 /* APHContentsViewController.xib */,
				CF5FAB4219F95C8F0006CA71 /* APHNotesContentsTableViewCell.xib */,
				CF2697E119EC3E4200525E19 /* APHNotesContentsTableViewCell.h */,
				CF2697E219EC3E4200525E19 /* APHNotesContentsTableViewCell.m */,
				CF2697E319EC3E4200525E19 /* APHNotesViewController.h */,
				CF2697E419EC3E4200525E19 /* APHNotesViewController.m */,
				CF2697E519EC3E4200525E19 /* APHNotesViewController.xib */,
				CF2697DD19EC3E4200525E19 /* APHCustomTextView.h */,
				CF2697DE19EC3E4200525E19 /* APHCustomTextView.m */,
				CF2697DF19EC3E4200525E19 /* APHMoodLogDictionaryKeys.h */,
				CF2697E019EC3E4200525E19 /* APHMoodLogDictionaryKeys.m */,
				7B8D703B1A1C4B13003A7A5B /* APHLogSubmissionViewController.h */,
				7B8D703C1A1C4B13003A7A5B /* APHLogSubmissionViewController.m */,
				7B8D703D1A1C4B13003A7A5B /* APHLogSubmissionViewController.xib */,
			);
			name = "Daily Journal Controllers";
			sourceTree = "<group>";
		};
		F534B57A19E4681E00C3C152 = {
			isa = PBXGroup;
			children = (
				F534B58519E4681E00C3C152 /* BreastCancer */,
				F571C9261A2F97450011C270 /* Frameworks */,
				F534B58419E4681E00C3C152 /* Products */,
			);
			sourceTree = "<group>";
		};
		F534B58419E4681E00C3C152 /* Products */ = {
			isa = PBXGroup;
			children = (
				F534B58319E4681E00C3C152 /* BreastCancer.app */,
			);
			name = Products;
			sourceTree = "<group>";
		};
		F534B58519E4681E00C3C152 /* BreastCancer */ = {
			isa = PBXGroup;
			children = (
				F534B5DE19E4689D00C3C152 /* Startup */,
				5B15DD241A114F9000BEA0D1 /* Onboarding */,
				F534B5E519E4689D00C3C152 /* TabBarControllers */,
				F534B60C19E4689D00C3C152 /* TasksAndSteps */,
				F534B5C419E4689D00C3C152 /* Resources */,
				F53F27991A2D30D600A1D725 /* Library */,
				F534B59319E4681E00C3C152 /* Images.xcassets */,
				F534B58619E4681E00C3C152 /* Supporting Files */,
			);
			path = BreastCancer;
			sourceTree = "<group>";
		};
		F534B58619E4681E00C3C152 /* Supporting Files */ = {
			isa = PBXGroup;
			children = (
				F534B6F419E468D400C3C152 /* BreastCancer.entitlements */,
				F534B58719E4681E00C3C152 /* Info.plist */,
				F534B58819E4681E00C3C152 /* main.m */,
			);
			name = "Supporting Files";
			sourceTree = "<group>";
		};
		F534B5C419E4689D00C3C152 /* Resources */ = {
			isa = PBXGroup;
			children = (
				7B8B67D41A6701B10021606D /* Certificates */,
				5BBDAEBA1A33DCDA0047DF87 /* HTMLContent */,
				F534B5CA19E4689D00C3C152 /* JSONs */,
				F534B5D619E4689D00C3C152 /* Videos */,
			);
			path = Resources;
			sourceTree = "<group>";
		};
		F534B5CA19E4689D00C3C152 /* JSONs */ = {
			isa = PBXGroup;
			children = (
				5B18CED91A2CFFD1001A905E /* TermsAndConditions.json */,
				5B15DCF21A114F7000BEA0D1 /* Learn.json */,
				5B15DCF31A114F7000BEA0D1 /* WithdrawStudy.json */,
				F534B5CB19E4689D00C3C152 /* APCParameters.json */,
				F534B5CC19E4689D00C3C152 /* APHTasksAndSchedules.json */,
				F534B5CE19E4689D00C3C152 /* sleepSurvey.json */,
				F534B5CF19E4689D00C3C152 /* StudyOverview.json */,
			);
			path = JSONs;
			sourceTree = "<group>";
		};
		F534B5D619E4689D00C3C152 /* Videos */ = {
			isa = PBXGroup;
			children = (
				5B15DD711A118FF900BEA0D1 /* Intro.mp4 */,
			);
			path = Videos;
			sourceTree = "<group>";
		};
		F534B5DE19E4689D00C3C152 /* Startup */ = {
			isa = PBXGroup;
			children = (
				5B15DD461A11524900BEA0D1 /* APHAppDelegate.h */,
				5B15DD471A11524900BEA0D1 /* APHAppDelegate.m */,
				F534B5E319E4689D00C3C152 /* LaunchScreen.xib */,
				F534B5E419E4689D00C3C152 /* Main.storyboard */,
			);
			path = Startup;
			sourceTree = "<group>";
		};
		F534B5E519E4689D00C3C152 /* TabBarControllers */ = {
			isa = PBXGroup;
			children = (
				5B1D9D661A1BD414000F4AD6 /* Dashboard */,
			);
			path = TabBarControllers;
			sourceTree = "<group>";
		};
		F534B60C19E4689D00C3C152 /* TasksAndSteps */ = {
			isa = PBXGroup;
			children = (
				7B7953031A22849300AA8039 /* ExerciseSurvey */,
				7B5E25C71A20454200A04FEF /* Mood Survey */,
				CF2697DA19EC3E0D00525E19 /* Daily Journal Controllers */,
			);
			path = TasksAndSteps;
			sourceTree = "<group>";
		};
		F53F27991A2D30D600A1D725 /* Library */ = {
			isa = PBXGroup;
			children = (
				F53F279B1A2D30D600A1D725 /* Scoring */,
			);
			path = Library;
			sourceTree = "<group>";
		};
		F53F279B1A2D30D600A1D725 /* Scoring */ = {
			isa = PBXGroup;
			children = (
				F53F279C1A2D30D600A1D725 /* APHDataPoint.h */,
				F53F279D1A2D30D600A1D725 /* APHDataPoint.m */,
				F53F279E1A2D30D600A1D725 /* APHScoring.h */,
				F53F279F1A2D30D600A1D725 /* APHScoring.m */,
			);
			path = Scoring;
			sourceTree = "<group>";
		};
		F571C9261A2F97450011C270 /* Frameworks */ = {
			isa = PBXGroup;
			children = (
				F571C9271A2F97610011C270 /* APCAppCore.xcodeproj */,
				F571C9341A2F97770011C270 /* BridgeSDK.framework */,
				F534B70E19E469A600C3C152 /* AVFoundation.framework */,
				F534B70C19E469A000C3C152 /* Security.framework */,
				F534B70A19E4699A00C3C152 /* CoreData.framework */,
				F534B6F519E468D400C3C152 /* HealthKit.framework */,
			);
			name = Frameworks;
			sourceTree = "<group>";
		};
		F571C9281A2F97610011C270 /* Products */ = {
			isa = PBXGroup;
			children = (
				F571C92D1A2F97610011C270 /* APCAppCore.framework */,
				F571C92F1A2F97610011C270 /* APCAppCoreTests.xctest */,
			);
			name = Products;
			sourceTree = "<group>";
		};
/* End PBXGroup section */

/* Begin PBXNativeTarget section */
		F534B58219E4681E00C3C152 /* BreastCancer */ = {
			isa = PBXNativeTarget;
			buildConfigurationList = F534B5A619E4681E00C3C152 /* Build configuration list for PBXNativeTarget "BreastCancer" */;
			buildPhases = (
				F534B57F19E4681E00C3C152 /* Sources */,
				F534B58019E4681E00C3C152 /* Frameworks */,
				F534B58119E4681E00C3C152 /* Resources */,
				F534B70719E4697E00C3C152 /* Embed Frameworks */,
				F53F27B31A2D37B200A1D725 /* ShellScript */,
			);
			buildRules = (
			);
			dependencies = (
				F571C9331A2F976C0011C270 /* PBXTargetDependency */,
			);
			name = BreastCancer;
			productName = BreastCancer;
			productReference = F534B58319E4681E00C3C152 /* BreastCancer.app */;
			productType = "com.apple.product-type.application";
		};
/* End PBXNativeTarget section */

/* Begin PBXProject section */
		F534B57B19E4681E00C3C152 /* Project object */ = {
			isa = PBXProject;
			attributes = {
				CLASSPREFIX = APH;
				LastUpgradeCheck = 0600;
				ORGANIZATIONNAME = "Apple, Inc.";
				TargetAttributes = {
					F534B58219E4681E00C3C152 = {
						CreatedOnToolsVersion = 6.0.1;
						DevelopmentTeam = NL3PRC58UN;
						SystemCapabilities = {
							com.apple.BackgroundModes = {
								enabled = 1;
							};
							com.apple.HealthKit = {
								enabled = 1;
							};
						};
					};
				};
			};
			buildConfigurationList = F534B57E19E4681E00C3C152 /* Build configuration list for PBXProject "BreastCancer" */;
			compatibilityVersion = "Xcode 3.2";
			developmentRegion = English;
			hasScannedForEncodings = 0;
			knownRegions = (
				en,
				Base,
			);
			mainGroup = F534B57A19E4681E00C3C152;
			productRefGroup = F534B58419E4681E00C3C152 /* Products */;
			projectDirPath = "";
			projectReferences = (
				{
					ProductGroup = F571C9281A2F97610011C270 /* Products */;
					ProjectRef = F571C9271A2F97610011C270 /* APCAppCore.xcodeproj */;
				},
			);
			projectRoot = "";
			targets = (
				F534B58219E4681E00C3C152 /* BreastCancer */,
			);
		};
/* End PBXProject section */

/* Begin PBXReferenceProxy section */
		F571C92D1A2F97610011C270 /* APCAppCore.framework */ = {
			isa = PBXReferenceProxy;
			fileType = wrapper.framework;
			path = APCAppCore.framework;
			remoteRef = F571C92C1A2F97610011C270 /* PBXContainerItemProxy */;
			sourceTree = BUILT_PRODUCTS_DIR;
		};
		F571C92F1A2F97610011C270 /* APCAppCoreTests.xctest */ = {
			isa = PBXReferenceProxy;
			fileType = wrapper.cfbundle;
			path = APCAppCoreTests.xctest;
			remoteRef = F571C92E1A2F97610011C270 /* PBXContainerItemProxy */;
			sourceTree = BUILT_PRODUCTS_DIR;
		};
/* End PBXReferenceProxy section */

/* Begin PBXResourcesBuildPhase section */
		F534B58119E4681E00C3C152 /* Resources */ = {
			isa = PBXResourcesBuildPhase;
			buildActionMask = 2147483647;
			files = (
				7BA3AC111A23DDBC0017B3C8 /* APHExerciseMotivationIntroViewController.xib in Resources */,
				7B8B67D71A6701B10021606D /* breastcancer-staging.pem in Resources */,
				5B15DD721A118FF900BEA0D1 /* Intro.mp4 in Resources */,
				5B15DCF51A114F7000BEA0D1 /* WithdrawStudy.json in Resources */,
				7B8B67DD1A6711BE0021606D /* APHExerciseMotivationSummaryViewController.storyboard in Resources */,
				5B15DD3E1A114F9000BEA0D1 /* APHOnboarding.storyboard in Resources */,
				7B7953151A2288D600AA8039 /* APHQuestionViewController.xib in Resources */,
				7B5E25D71A211BD500A04FEF /* APHMoodSurveyCustomView.xib in Resources */,
				5B1D9D6C1A1BD414000F4AD6 /* APHDashboard.storyboard in Resources */,
				CF5FAB4319F95C8F0006CA71 /* APHContentsViewController.xib in Resources */,
				F534B59419E4681E00C3C152 /* Images.xcassets in Resources */,
				7BA3AC171A2407D00017B3C8 /* APHExerciseMotivationSummaryViewController.xib in Resources */,
				F534B68E19E4689D00C3C152 /* StudyOverview.json in Resources */,
				5BBDAEBB1A33DCDA0047DF87 /* HTMLContent in Resources */,
				F534B68A19E4689D00C3C152 /* APCParameters.json in Resources */,
				F534B68B19E4689D00C3C152 /* APHTasksAndSchedules.json in Resources */,
				F534B69D19E4689D00C3C152 /* Main.storyboard in Resources */,
				7B8B67D81A6701B10021606D /* breastcancer.pem in Resources */,
				5B18CEDA1A2CFFD1001A905E /* TermsAndConditions.json in Resources */,
				CF5FAB4419F95C8F0006CA71 /* APHNotesContentsTableViewCell.xib in Resources */,
				5B15DCF41A114F7000BEA0D1 /* Learn.json in Resources */,
				F534B68D19E4689D00C3C152 /* sleepSurvey.json in Resources */,
				CF15F2501A116A5A00D87570 /* APHDailyJournalIntroViewController.xib in Resources */,
				7BFD567A1A24FAF0001210A2 /* APHDisplayLogHistoryViewController.xib in Resources */,
				7B8D703F1A1C4B13003A7A5B /* APHLogSubmissionViewController.xib in Resources */,
				CF2697EB19EC3E4200525E19 /* APHNotesViewController.xib in Resources */,
				7B5E25D11A20592400A04FEF /* APHHeartAgeIntroStepViewController.xib in Resources */,
				F534B69C19E4689D00C3C152 /* LaunchScreen.xib in Resources */,
			);
			runOnlyForDeploymentPostprocessing = 0;
		};
/* End PBXResourcesBuildPhase section */

/* Begin PBXShellScriptBuildPhase section */
		F53F27B31A2D37B200A1D725 /* ShellScript */ = {
			isa = PBXShellScriptBuildPhase;
			buildActionMask = 2147483647;
			files = (
			);
			inputPaths = (
			);
			outputPaths = (
			);
			runOnlyForDeploymentPostprocessing = 0;
			shellPath = /bin/sh;
			shellScript = "${SRCROOT}/AppCore/APCAppCore/APCAppCore/Resources/update_version.sh";
		};
/* End PBXShellScriptBuildPhase section */

/* Begin PBXSourcesBuildPhase section */
		F534B57F19E4681E00C3C152 /* Sources */ = {
			isa = PBXSourcesBuildPhase;
			buildActionMask = 2147483647;
			files = (
				CF2697E919EC3E4200525E19 /* APHNotesContentsTableViewCell.m in Sources */,
				7BA3AC161A2407D00017B3C8 /* APHExerciseMotivationSummaryViewController.m in Sources */,
				7B5E25CB1A2045BB00A04FEF /* APHMoodSurveyTaskViewController.m in Sources */,
				5B15DD3B1A114F9000BEA0D1 /* APHInclusionCriteriaViewController.m in Sources */,
				7B8B67E11A671DDC0021606D /* APHExerciseSummaryContainerTableViewController.m in Sources */,
				F53F27A11A2D30D600A1D725 /* APHScoring.m in Sources */,
				CF2697E619EC3E4200525E19 /* APHContentsViewController.m in Sources */,
				CF15F24F1A116A5A00D87570 /* APHDailyJournalIntroViewController.m in Sources */,
				F534B58919E4681E00C3C152 /* main.m in Sources */,
				CF15F24B1A11616500D87570 /* APHDailyJournalTaskViewController.m in Sources */,
				7BFD56791A24FAF0001210A2 /* APHDisplayLogHistoryViewController.m in Sources */,
				7B5E25D01A20592400A04FEF /* APHHeartAgeIntroStepViewController.m in Sources */,
				CF2697E819EC3E4200525E19 /* APHMoodLogDictionaryKeys.m in Sources */,
				5B1D9D6E1A1BD414000F4AD6 /* APHDashboardViewController.m in Sources */,
				5B15DD481A11524900BEA0D1 /* APHAppDelegate.m in Sources */,
				CF2697E719EC3E4200525E19 /* APHCustomTextView.m in Sources */,
				F53F27A01A2D30D600A1D725 /* APHDataPoint.m in Sources */,
				7B8D703E1A1C4B13003A7A5B /* APHLogSubmissionViewController.m in Sources */,
				CF2697EA19EC3E4200525E19 /* APHNotesViewController.m in Sources */,
				7B7953141A2288D600AA8039 /* APHQuestionViewController.m in Sources */,
				7BA3AC101A23DDBC0017B3C8 /* APHExerciseMotivationIntroViewController.m in Sources */,
				7B79530E1A22884500AA8039 /* APHExerciseSurveyTaskViewController.m in Sources */,
				7B5E25D51A211BCA00A04FEF /* APHMoodSurveyCustomView.m in Sources */,
				5B1D9D6D1A1BD414000F4AD6 /* APHDashboardEditViewController.m in Sources */,
			);
			runOnlyForDeploymentPostprocessing = 0;
		};
/* End PBXSourcesBuildPhase section */

/* Begin PBXTargetDependency section */
		F571C9331A2F976C0011C270 /* PBXTargetDependency */ = {
			isa = PBXTargetDependency;
			name = APCAppCore;
			targetProxy = F571C9321A2F976C0011C270 /* PBXContainerItemProxy */;
		};
/* End PBXTargetDependency section */

/* Begin XCBuildConfiguration section */
		F534B5A419E4681E00C3C152 /* Debug */ = {
			isa = XCBuildConfiguration;
			buildSettings = {
				ALWAYS_SEARCH_USER_PATHS = NO;
				CLANG_CXX_LANGUAGE_STANDARD = "gnu++0x";
				CLANG_CXX_LIBRARY = "libc++";
				CLANG_ENABLE_MODULES = YES;
				CLANG_ENABLE_OBJC_ARC = YES;
				CLANG_WARN_BOOL_CONVERSION = YES;
				CLANG_WARN_CONSTANT_CONVERSION = YES;
				CLANG_WARN_DIRECT_OBJC_ISA_USAGE = YES_ERROR;
				CLANG_WARN_EMPTY_BODY = YES;
				CLANG_WARN_ENUM_CONVERSION = YES;
				CLANG_WARN_INT_CONVERSION = YES;
				CLANG_WARN_OBJC_ROOT_CLASS = YES_ERROR;
				CLANG_WARN_UNREACHABLE_CODE = YES;
				CLANG_WARN__DUPLICATE_METHOD_MATCH = YES;
				"CODE_SIGN_IDENTITY[sdk=iphoneos*]" = "iPhone Developer";
				COPY_PHASE_STRIP = NO;
				ENABLE_STRICT_OBJC_MSGSEND = YES;
				GCC_C_LANGUAGE_STANDARD = gnu99;
				GCC_DYNAMIC_NO_PIC = NO;
				GCC_OPTIMIZATION_LEVEL = 0;
				GCC_PREPROCESSOR_DEFINITIONS = (
					"DEBUG=1",
					"$(inherited)",
				);
				GCC_SYMBOLS_PRIVATE_EXTERN = NO;
				GCC_WARN_64_TO_32_BIT_CONVERSION = YES;
				GCC_WARN_ABOUT_RETURN_TYPE = YES_ERROR;
				GCC_WARN_UNDECLARED_SELECTOR = YES;
				GCC_WARN_UNINITIALIZED_AUTOS = YES_AGGRESSIVE;
				GCC_WARN_UNUSED_FUNCTION = YES;
				GCC_WARN_UNUSED_VARIABLE = YES;
				IPHONEOS_DEPLOYMENT_TARGET = 8.0;
				MTL_ENABLE_DEBUG_INFO = YES;
				ONLY_ACTIVE_ARCH = YES;
				SDKROOT = iphoneos;
			};
			name = Debug;
		};
		F534B5A519E4681E00C3C152 /* Release */ = {
			isa = XCBuildConfiguration;
			buildSettings = {
				ALWAYS_SEARCH_USER_PATHS = NO;
				CLANG_CXX_LANGUAGE_STANDARD = "gnu++0x";
				CLANG_CXX_LIBRARY = "libc++";
				CLANG_ENABLE_MODULES = YES;
				CLANG_ENABLE_OBJC_ARC = YES;
				CLANG_WARN_BOOL_CONVERSION = YES;
				CLANG_WARN_CONSTANT_CONVERSION = YES;
				CLANG_WARN_DIRECT_OBJC_ISA_USAGE = YES_ERROR;
				CLANG_WARN_EMPTY_BODY = YES;
				CLANG_WARN_ENUM_CONVERSION = YES;
				CLANG_WARN_INT_CONVERSION = YES;
				CLANG_WARN_OBJC_ROOT_CLASS = YES_ERROR;
				CLANG_WARN_UNREACHABLE_CODE = YES;
				CLANG_WARN__DUPLICATE_METHOD_MATCH = YES;
				"CODE_SIGN_IDENTITY[sdk=iphoneos*]" = "iPhone Developer";
				COPY_PHASE_STRIP = YES;
				ENABLE_NS_ASSERTIONS = NO;
				ENABLE_STRICT_OBJC_MSGSEND = YES;
				GCC_C_LANGUAGE_STANDARD = gnu99;
				GCC_WARN_64_TO_32_BIT_CONVERSION = YES;
				GCC_WARN_ABOUT_RETURN_TYPE = YES_ERROR;
				GCC_WARN_UNDECLARED_SELECTOR = YES;
				GCC_WARN_UNINITIALIZED_AUTOS = YES_AGGRESSIVE;
				GCC_WARN_UNUSED_FUNCTION = YES;
				GCC_WARN_UNUSED_VARIABLE = YES;
				IPHONEOS_DEPLOYMENT_TARGET = 8.0;
				MTL_ENABLE_DEBUG_INFO = NO;
				SDKROOT = iphoneos;
				VALIDATE_PRODUCT = YES;
			};
			name = Release;
		};
		F534B5A719E4681E00C3C152 /* Debug */ = {
			isa = XCBuildConfiguration;
			buildSettings = {
				ASSETCATALOG_COMPILER_APPICON_NAME = AppIcon;
				ASSETCATALOG_COMPILER_LAUNCHIMAGE_NAME = LaunchImage;
				CLANG_ALLOW_NON_MODULAR_INCLUDES_IN_FRAMEWORK_MODULES = YES;
				CODE_SIGN_ENTITLEMENTS = BreastCancer/BreastCancer.entitlements;
				CODE_SIGN_IDENTITY = "iPhone Developer";
				"CODE_SIGN_IDENTITY[sdk=iphoneos*]" = "iPhone Developer";
				FRAMEWORK_SEARCH_PATHS = (
					"$(inherited)",
					"$(PROJECT_DIR)/AppCore/APCAppCore/**",
				);
				INFOPLIST_FILE = BreastCancer/Info.plist;
				LD_RUNPATH_SEARCH_PATHS = "$(inherited) @executable_path/Frameworks";
				PRODUCT_NAME = "$(TARGET_NAME)";
				PROVISIONING_PROFILE = "";
			};
			name = Debug;
		};
		F534B5A819E4681E00C3C152 /* Release */ = {
			isa = XCBuildConfiguration;
			buildSettings = {
				ASSETCATALOG_COMPILER_APPICON_NAME = AppIcon;
				ASSETCATALOG_COMPILER_LAUNCHIMAGE_NAME = LaunchImage;
				CLANG_ALLOW_NON_MODULAR_INCLUDES_IN_FRAMEWORK_MODULES = YES;
				CODE_SIGN_ENTITLEMENTS = BreastCancer/BreastCancer.entitlements;
				CODE_SIGN_IDENTITY = "iPhone Developer";
				"CODE_SIGN_IDENTITY[sdk=iphoneos*]" = "iPhone Developer";
				FRAMEWORK_SEARCH_PATHS = (
					"$(inherited)",
					"$(PROJECT_DIR)/AppCore/APCAppCore/**",
				);
				INFOPLIST_FILE = BreastCancer/Info.plist;
				LD_RUNPATH_SEARCH_PATHS = "$(inherited) @executable_path/Frameworks";
				PRODUCT_NAME = "$(TARGET_NAME)";
				PROVISIONING_PROFILE = "";
			};
			name = Release;
		};
		F58767FB19E4A57400254897 /* Development */ = {
			isa = XCBuildConfiguration;
			buildSettings = {
				ALWAYS_SEARCH_USER_PATHS = NO;
				CLANG_CXX_LANGUAGE_STANDARD = "gnu++0x";
				CLANG_CXX_LIBRARY = "libc++";
				CLANG_ENABLE_MODULES = YES;
				CLANG_ENABLE_OBJC_ARC = YES;
				CLANG_WARN_BOOL_CONVERSION = YES;
				CLANG_WARN_CONSTANT_CONVERSION = YES;
				CLANG_WARN_DIRECT_OBJC_ISA_USAGE = YES_ERROR;
				CLANG_WARN_EMPTY_BODY = YES;
				CLANG_WARN_ENUM_CONVERSION = YES;
				CLANG_WARN_INT_CONVERSION = YES;
				CLANG_WARN_OBJC_ROOT_CLASS = YES_ERROR;
				CLANG_WARN_UNREACHABLE_CODE = YES;
				CLANG_WARN__DUPLICATE_METHOD_MATCH = YES;
				"CODE_SIGN_IDENTITY[sdk=iphoneos*]" = "iPhone Developer";
				COPY_PHASE_STRIP = NO;
				ENABLE_STRICT_OBJC_MSGSEND = YES;
				GCC_C_LANGUAGE_STANDARD = gnu99;
				GCC_DYNAMIC_NO_PIC = NO;
				GCC_OPTIMIZATION_LEVEL = 0;
				GCC_PREPROCESSOR_DEFINITIONS = (
					"DEBUG=1",
					"$(inherited)",
				);
				GCC_SYMBOLS_PRIVATE_EXTERN = NO;
				GCC_WARN_64_TO_32_BIT_CONVERSION = YES;
				GCC_WARN_ABOUT_RETURN_TYPE = YES_ERROR;
				GCC_WARN_UNDECLARED_SELECTOR = YES;
				GCC_WARN_UNINITIALIZED_AUTOS = YES_AGGRESSIVE;
				GCC_WARN_UNUSED_FUNCTION = YES;
				GCC_WARN_UNUSED_VARIABLE = YES;
				IPHONEOS_DEPLOYMENT_TARGET = 8.0;
				MTL_ENABLE_DEBUG_INFO = YES;
				ONLY_ACTIVE_ARCH = YES;
				SDKROOT = iphoneos;
			};
			name = Development;
		};
		F58767FC19E4A57400254897 /* Development */ = {
			isa = XCBuildConfiguration;
			buildSettings = {
				ASSETCATALOG_COMPILER_APPICON_NAME = AppIcon;
				ASSETCATALOG_COMPILER_LAUNCHIMAGE_NAME = LaunchImage;
				CLANG_ALLOW_NON_MODULAR_INCLUDES_IN_FRAMEWORK_MODULES = YES;
				CODE_SIGN_ENTITLEMENTS = BreastCancer/BreastCancer.entitlements;
				CODE_SIGN_IDENTITY = "iPhone Developer";
				"CODE_SIGN_IDENTITY[sdk=iphoneos*]" = "iPhone Developer";
				FRAMEWORK_SEARCH_PATHS = (
					"$(inherited)",
					"$(PROJECT_DIR)/AppCore/APCAppCore/**",
				);
				GCC_PREPROCESSOR_DEFINITIONS = (
					"$(inherited)",
					"DEVELOPMENT=1",
				);
				INFOPLIST_FILE = BreastCancer/Info.plist;
				LD_RUNPATH_SEARCH_PATHS = "$(inherited) @executable_path/Frameworks";
				PRODUCT_NAME = "$(TARGET_NAME)";
				PROVISIONING_PROFILE = "";
			};
			name = Development;
		};
/* End XCBuildConfiguration section */

/* Begin XCConfigurationList section */
		F534B57E19E4681E00C3C152 /* Build configuration list for PBXProject "BreastCancer" */ = {
			isa = XCConfigurationList;
			buildConfigurations = (
				F534B5A419E4681E00C3C152 /* Debug */,
				F58767FB19E4A57400254897 /* Development */,
				F534B5A519E4681E00C3C152 /* Release */,
			);
			defaultConfigurationIsVisible = 0;
			defaultConfigurationName = Release;
		};
		F534B5A619E4681E00C3C152 /* Build configuration list for PBXNativeTarget "BreastCancer" */ = {
			isa = XCConfigurationList;
			buildConfigurations = (
				F534B5A719E4681E00C3C152 /* Debug */,
				F58767FC19E4A57400254897 /* Development */,
				F534B5A819E4681E00C3C152 /* Release */,
			);
			defaultConfigurationIsVisible = 0;
			defaultConfigurationName = Release;
		};
/* End XCConfigurationList section */
	};
	rootObject = F534B57B19E4681E00C3C152 /* Project object */;
}
